
Microsoft Visual Studio Solution File, Format Version 12.00
# Visual Studio Version 17
VisualStudioVersion = 17.10.35027.167
MinimumVisualStudioVersion = 10.0.40219.1
Project("{FAE04EC0-301F-11D3-BF4B-00C04F79EFBC}") = "SF.HW03.Task14.3.3", "SF.HW03.Task14.3.3.csproj", "{CFD15603-2D13-43EE-B932-CA2035043FDE}"
EndProject
Global
	GlobalSection(SolutionConfigurationPlatforms) = preSolution
		Debug|Any CPU = Debug|Any CPU
		Release|Any CPU = Release|Any CPU
	EndGlobalSection
	GlobalSection(ProjectConfigurationPlatforms) = postSolution
		{CFD15603-2D13-43EE-B932-CA2035043FDE}.Debug|Any CPU.ActiveCfg = Debug|Any CPU
		{CFD15603-2D13-43EE-B932-CA2035043FDE}.Debug|Any CPU.Build.0 = Debug|Any CPU
		{CFD15603-2D13-43EE-B932-CA2035043FDE}.Release|Any CPU.ActiveCfg = Release|Any CPU
		{CFD15603-2D13-43EE-B932-CA2035043FDE}.Release|Any CPU.Build.0 = Release|Any CPU
	EndGlobalSection
	GlobalSection(SolutionProperties) = preSolution
		HideSolutionNode = FALSE
	EndGlobalSection
	GlobalSection(ExtensibilityGlobals) = postSolution
		SolutionGuid = {649ADEE5-BAFA-4821-A627-FA08AA6B1239}
	EndGlobalSection
EndGlobal
